{
  "requires": true,
  "lockfileVersion": 1,
  "dependencies": {
    "@tensorflow/tfjs-core": {
      "version": "1.0.3",
      "resolved": "https://registry.npmjs.org/@tensorflow/tfjs-core/-/tfjs-core-1.0.3.tgz",
      "integrity": "sha512-2UbjMQkmrykIIZuoRfmDPrtWm+6fdQRlYLCUJdiOIooeu/q4nye587HM1qKcdZosGPZTW6VvX+4VIVieYn5i0A==",
      "requires": {
        "@types/seedrandom": "2.4.27",
        "@types/webgl-ext": "0.0.30",
        "@types/webgl2": "0.0.4",
        "seedrandom": "2.4.3"
      }
    },
    "@types/seedrandom": {
      "version": "2.4.27",
      "resolved": "https://registry.npmjs.org/@types/seedrandom/-/seedrandom-2.4.27.tgz",
      "integrity": "sha1-nbVjk33YaRX2kJK8QyWdL0hXjkE="
    },
    "@types/webgl-ext": {
      "version": "0.0.30",
      "resolved": "https://registry.npmjs.org/@types/webgl-ext/-/webgl-ext-0.0.30.tgz",
      "integrity": "sha512-LKVgNmBxN0BbljJrVUwkxwRYqzsAEPcZOe6S2T6ZaBDIrFp0qu4FNlpc5sM1tGbXUYFgdVQIoeLk1Y1UoblyEg=="
    },
    "@types/webgl2": {
      "version": "0.0.4",
      "resolved": "https://registry.npmjs.org/@types/webgl2/-/webgl2-0.0.4.tgz",
      "integrity": "sha512-PACt1xdErJbMUOUweSrbVM7gSIYm1vTncW2hF6Os/EeWi6TXYAYMPp+8v6rzHmypE5gHrxaxZNXgMkJVIdZpHw=="
    },
    "face-api.js": {
      "version": "0.20.0",
      "resolved": "https://registry.npmjs.org/face-api.js/-/face-api.js-0.20.0.tgz",
      "integrity": "sha512-9yDRChHdqT61AI+bGrNz5PJDHZl8+6CD4hoMChlteHAYInZIOEMhM6Wbn+2YcLVW+rUhufhanMQ9JjHV+x3ATg==",
      "requires": {
        "@tensorflow/tfjs-core": "1.0.3",
        "tfjs-image-recognition-base": "^0.6.0",
        "tslib": "^1.9.3"
      }
    },
    "seedrandom": {
      "version": "2.4.3",
      "resolved": "https://registry.npmjs.org/seedrandom/-/seedrandom-2.4.3.tgz",
      "integrity": "sha1-JDhQTa0zkXMUv/GKxNeU8W1qrsw="
    },
    "tfjs-image-recognition-base": {
      "version": "0.6.0",
      "resolved": "https://registry.npmjs.org/tfjs-image-recognition-base/-/tfjs-image-recognition-base-0.6.0.tgz",
      "integrity": "sha512-wFk3ivWjdQwsXgEfU1PdTf3smve2AbCjiwJKrq9lDGmKh75aL8UIy0bVNa15r+8sFaT4vJz/9AKOSI0w78wW0g==",
      "requires": {
        "@tensorflow/tfjs-core": "1.0.3",
        "tslib": "^1.9.3"
      }
    },
    "tslib": {
      "version": "1.9.3",
      "resolved": "https://registry.npmjs.org/tslib/-/tslib-1.9.3.tgz",
      "integrity": "sha512-4krF8scpejhaOgqzBEcGM7yDIEfi0/8+8zDRZhNZZ2kjmHJ4hv3zCbQWxoJGz1iw5U0Jl0nma13xzHXcncMavQ=="
    }
  }
}
